// !$*UTF8*$!
{
	archiveVersion = 1;
	classes = {
	};
	objectVersion = 55;
	objects = {

/* Begin PBXBuildFile section */
		CA226762274402D50035663D /* AppDelegate.swift in Sources */ = {isa = PBXBuildFile; fileRef = CA226761274402D50035663D /* AppDelegate.swift */; };
		CA226769274402D50035663D /* Main.storyboard in Resources */ = {isa = PBXBuildFile; fileRef = CA226767274402D50035663D /* Main.storyboard */; };
		CA22676B274402D60035663D /* Assets.xcassets in Resources */ = {isa = PBXBuildFile; fileRef = CA22676A274402D60035663D /* Assets.xcassets */; };
		CA22676E274402D60035663D /* LaunchScreen.storyboard in Resources */ = {isa = PBXBuildFile; fileRef = CA22676C274402D60035663D /* LaunchScreen.storyboard */; };
		CAB7CF292750B0FA005C9232 /* LocationManager.swift in Sources */ = {isa = PBXBuildFile; fileRef = CAB7CF282750B0FA005C9232 /* LocationManager.swift */; };
		CAB7CF2B2750B146005C9232 /* SupportingMethods.swift in Sources */ = {isa = PBXBuildFile; fileRef = CAB7CF2A2750B146005C9232 /* SupportingMethods.swift */; };
		CAB7CF2D2750B280005C9232 /* ReferenceValues.swift in Sources */ = {isa = PBXBuildFile; fileRef = CAB7CF2C2750B280005C9232 /* ReferenceValues.swift */; };
		CAB7CF2F2750B2FE005C9232 /* TemplateViewController.swift in Sources */ = {isa = PBXBuildFile; fileRef = CAB7CF2E2750B2FE005C9232 /* TemplateViewController.swift */; };
		CAB7CF312750B5B9005C9232 /* InitialViewController.swift in Sources */ = {isa = PBXBuildFile; fileRef = CAB7CF302750B5B9005C9232 /* InitialViewController.swift */; };
		CAB7CF332750B5C7005C9232 /* MainViewController.swift in Sources */ = {isa = PBXBuildFile; fileRef = CAB7CF322750B5C7005C9232 /* MainViewController.swift */; };
		CAB7CF352750C084005C9232 /* CompanyLocationViewController.swift in Sources */ = {isa = PBXBuildFile; fileRef = CAB7CF342750C084005C9232 /* CompanyLocationViewController.swift */; };
		CAB7CF372750C50F005C9232 /* CompanyAddressCell.swift in Sources */ = {isa = PBXBuildFile; fileRef = CAB7CF362750C50F005C9232 /* CompanyAddressCell.swift */; };
		CAB7CF392750C5C9005C9232 /* CompanyMapViewController.swift in Sources */ = {isa = PBXBuildFile; fileRef = CAB7CF382750C5C9005C9232 /* CompanyMapViewController.swift */; };
		CAB7CF3B2750C5F2005C9232 /* CompanyMapResponse.swift in Sources */ = {isa = PBXBuildFile; fileRef = CAB7CF3A2750C5F2005C9232 /* CompanyMapResponse.swift */; };
		CAB7CF3D2750C7F3005C9232 /* CompanyLocationAlertViewController.swift in Sources */ = {isa = PBXBuildFile; fileRef = CAB7CF3C2750C7F3005C9232 /* CompanyLocationAlertViewController.swift */; };
		CAB7CF402750CBB5005C9232 /* Alamofire in Frameworks */ = {isa = PBXBuildFile; productRef = CAB7CF3F2750CBB5005C9232 /* Alamofire */; };
		CAB7CF422750CBFD005C9232 /* CompanyAddressResponse.swift in Sources */ = {isa = PBXBuildFile; fileRef = CAB7CF412750CBFD005C9232 /* CompanyAddressResponse.swift */; };
		CAB7CF442750CD01005C9232 /* CompanyDetailedAddressViewController.swift in Sources */ = {isa = PBXBuildFile; fileRef = CAB7CF432750CD01005C9232 /* CompanyDetailedAddressViewController.swift */; };
		CAB7CF462750CD66005C9232 /* WorkTypeViewController.swift in Sources */ = {isa = PBXBuildFile; fileRef = CAB7CF452750CD66005C9232 /* WorkTypeViewController.swift */; };
		CAB7CF482750CDCE005C9232 /* DayButtonView.swift in Sources */ = {isa = PBXBuildFile; fileRef = CAB7CF472750CDCE005C9232 /* DayButtonView.swift */; };
/* End PBXBuildFile section */

/* Begin PBXFileReference section */
		CA22675E274402D50035663D /* TimeToGoHome.app */ = {isa = PBXFileReference; explicitFileType = wrapper.application; includeInIndex = 0; path = TimeToGoHome.app; sourceTree = BUILT_PRODUCTS_DIR; };
		CA226761274402D50035663D /* AppDelegate.swift */ = {isa = PBXFileReference; lastKnownFileType = sourcecode.swift; path = AppDelegate.swift; sourceTree = "<group>"; };
		CA226768274402D50035663D /* Base */ = {isa = PBXFileReference; lastKnownFileType = file.storyboard; name = Base; path = Base.lproj/Main.storyboard; sourceTree = "<group>"; };
		CA22676A274402D60035663D /* Assets.xcassets */ = {isa = PBXFileReference; lastKnownFileType = folder.assetcatalog; path = Assets.xcassets; sourceTree = "<group>"; };
		CA22676D274402D60035663D /* Base */ = {isa = PBXFileReference; lastKnownFileType = file.storyboard; name = Base; path = Base.lproj/LaunchScreen.storyboard; sourceTree = "<group>"; };
		CA22676F274402D60035663D /* Info.plist */ = {isa = PBXFileReference; lastKnownFileType = text.plist.xml; path = Info.plist; sourceTree = "<group>"; };
		CAB7CF282750B0FA005C9232 /* LocationManager.swift */ = {isa = PBXFileReference; lastKnownFileType = sourcecode.swift; path = LocationManager.swift; sourceTree = "<group>"; };
		CAB7CF2A2750B146005C9232 /* SupportingMethods.swift */ = {isa = PBXFileReference; lastKnownFileType = sourcecode.swift; path = SupportingMethods.swift; sourceTree = "<group>"; };
		CAB7CF2C2750B280005C9232 /* ReferenceValues.swift */ = {isa = PBXFileReference; lastKnownFileType = sourcecode.swift; path = ReferenceValues.swift; sourceTree = "<group>"; };
		CAB7CF2E2750B2FE005C9232 /* TemplateViewController.swift */ = {isa = PBXFileReference; lastKnownFileType = sourcecode.swift; path = TemplateViewController.swift; sourceTree = "<group>"; };
		CAB7CF302750B5B9005C9232 /* InitialViewController.swift */ = {isa = PBXFileReference; lastKnownFileType = sourcecode.swift; path = InitialViewController.swift; sourceTree = "<group>"; };
		CAB7CF322750B5C7005C9232 /* MainViewController.swift */ = {isa = PBXFileReference; lastKnownFileType = sourcecode.swift; path = MainViewController.swift; sourceTree = "<group>"; };
		CAB7CF342750C084005C9232 /* CompanyLocationViewController.swift */ = {isa = PBXFileReference; lastKnownFileType = sourcecode.swift; path = CompanyLocationViewController.swift; sourceTree = "<group>"; };
		CAB7CF362750C50F005C9232 /* CompanyAddressCell.swift */ = {isa = PBXFileReference; lastKnownFileType = sourcecode.swift; path = CompanyAddressCell.swift; sourceTree = "<group>"; };
		CAB7CF382750C5C9005C9232 /* CompanyMapViewController.swift */ = {isa = PBXFileReference; lastKnownFileType = sourcecode.swift; path = CompanyMapViewController.swift; sourceTree = "<group>"; };
		CAB7CF3A2750C5F2005C9232 /* CompanyMapResponse.swift */ = {isa = PBXFileReference; lastKnownFileType = sourcecode.swift; path = CompanyMapResponse.swift; sourceTree = "<group>"; };
		CAB7CF3C2750C7F3005C9232 /* CompanyLocationAlertViewController.swift */ = {isa = PBXFileReference; lastKnownFileType = sourcecode.swift; path = CompanyLocationAlertViewController.swift; sourceTree = "<group>"; };
		CAB7CF412750CBFD005C9232 /* CompanyAddressResponse.swift */ = {isa = PBXFileReference; lastKnownFileType = sourcecode.swift; path = CompanyAddressResponse.swift; sourceTree = "<group>"; };
		CAB7CF432750CD01005C9232 /* CompanyDetailedAddressViewController.swift */ = {isa = PBXFileReference; lastKnownFileType = sourcecode.swift; path = CompanyDetailedAddressViewController.swift; sourceTree = "<group>"; };
		CAB7CF452750CD66005C9232 /* WorkTypeViewController.swift */ = {isa = PBXFileReference; lastKnownFileType = sourcecode.swift; path = WorkTypeViewController.swift; sourceTree = "<group>"; };
		CAB7CF472750CDCE005C9232 /* DayButtonView.swift */ = {isa = PBXFileReference; lastKnownFileType = sourcecode.swift; path = DayButtonView.swift; sourceTree = "<group>"; };
/* End PBXFileReference section */

/* Begin PBXFrameworksBuildPhase section */
		CA22675B274402D50035663D /* Frameworks */ = {
			isa = PBXFrameworksBuildPhase;
			buildActionMask = 2147483647;
			files = (
				CAB7CF402750CBB5005C9232 /* Alamofire in Frameworks */,
			);
			runOnlyForDeploymentPostprocessing = 0;
		};
/* End PBXFrameworksBuildPhase section */

/* Begin PBXGroup section */
		CA226755274402D50035663D = {
			isa = PBXGroup;
			children = (
				CA226760274402D50035663D /* TimeToGoHome */,
				CA22675F274402D50035663D /* Products */,
			);
			sourceTree = "<group>";
		};
		CA22675F274402D50035663D /* Products */ = {
			isa = PBXGroup;
			children = (
				CA22675E274402D50035663D /* TimeToGoHome.app */,
			);
			name = Products;
			sourceTree = "<group>";
		};
		CA226760274402D50035663D /* TimeToGoHome */ = {
			isa = PBXGroup;
			children = (
				CA226761274402D50035663D /* AppDelegate.swift */,
				CAB7CF302750B5B9005C9232 /* InitialViewController.swift */,
				CAB7CF342750C084005C9232 /* CompanyLocationViewController.swift */,
				CAB7CF362750C50F005C9232 /* CompanyAddressCell.swift */,
				CAB7CF412750CBFD005C9232 /* CompanyAddressResponse.swift */,
				CAB7CF382750C5C9005C9232 /* CompanyMapViewController.swift */,
				CAB7CF3A2750C5F2005C9232 /* CompanyMapResponse.swift */,
				CAB7CF3C2750C7F3005C9232 /* CompanyLocationAlertViewController.swift */,
				CAB7CF432750CD01005C9232 /* CompanyDetailedAddressViewController.swift */,
				CAB7CF452750CD66005C9232 /* WorkTypeViewController.swift */,
				CAB7CF472750CDCE005C9232 /* DayButtonView.swift */,
				CAB7CF322750B5C7005C9232 /* MainViewController.swift */,
				CAB7CF282750B0FA005C9232 /* LocationManager.swift */,
				CAB7CF2A2750B146005C9232 /* SupportingMethods.swift */,
				CAB7CF2C2750B280005C9232 /* ReferenceValues.swift */,
				CAB7CF2E2750B2FE005C9232 /* TemplateViewController.swift */,
				CA226767274402D50035663D /* Main.storyboard */,
				CA22676A274402D60035663D /* Assets.xcassets */,
				CA22676C274402D60035663D /* LaunchScreen.storyboard */,
				CA22676F274402D60035663D /* Info.plist */,
			);
			path = TimeToGoHome;
			sourceTree = "<group>";
		};
/* End PBXGroup section */

/* Begin PBXNativeTarget section */
		CA22675D274402D50035663D /* TimeToGoHome */ = {
			isa = PBXNativeTarget;
			buildConfigurationList = CA226772274402D60035663D /* Build configuration list for PBXNativeTarget "TimeToGoHome" */;
			buildPhases = (
				CA22675A274402D50035663D /* Sources */,
				CA22675B274402D50035663D /* Frameworks */,
				CA22675C274402D50035663D /* Resources */,
			);
			buildRules = (
			);
			dependencies = (
			);
			name = TimeToGoHome;
			packageProductDependencies = (
				CAB7CF3F2750CBB5005C9232 /* Alamofire */,
			);
			productName = TimeToGoHome;
			productReference = CA22675E274402D50035663D /* TimeToGoHome.app */;
			productType = "com.apple.product-type.application";
		};
/* End PBXNativeTarget section */

/* Begin PBXProject section */
		CA226756274402D50035663D /* Project object */ = {
			isa = PBXProject;
			attributes = {
				BuildIndependentTargetsInParallel = 1;
				LastSwiftUpdateCheck = 1310;
				LastUpgradeCheck = 1310;
				TargetAttributes = {
					CA22675D274402D50035663D = {
						CreatedOnToolsVersion = 13.1;
					};
				};
			};
			buildConfigurationList = CA226759274402D50035663D /* Build configuration list for PBXProject "TimeToGoHome" */;
			compatibilityVersion = "Xcode 13.0";
			developmentRegion = en;
			hasScannedForEncodings = 0;
			knownRegions = (
				en,
				Base,
			);
			mainGroup = CA226755274402D50035663D;
			packageReferences = (
				CAB7CF3E2750CBB5005C9232 /* XCRemoteSwiftPackageReference "Alamofire" */,
			);
			productRefGroup = CA22675F274402D50035663D /* Products */;
			projectDirPath = "";
			projectRoot = "";
			targets = (
				CA22675D274402D50035663D /* TimeToGoHome */,
			);
		};
/* End PBXProject section */

/* Begin PBXResourcesBuildPhase section */
		CA22675C274402D50035663D /* Resources */ = {
			isa = PBXResourcesBuildPhase;
			buildActionMask = 2147483647;
			files = (
				CA22676E274402D60035663D /* LaunchScreen.storyboard in Resources */,
				CA22676B274402D60035663D /* Assets.xcassets in Resources */,
				CA226769274402D50035663D /* Main.storyboard in Resources */,
			);
			runOnlyForDeploymentPostprocessing = 0;
		};
/* End PBXResourcesBuildPhase section */

/* Begin PBXSourcesBuildPhase section */
		CA22675A274402D50035663D /* Sources */ = {
			isa = PBXSourcesBuildPhase;
			buildActionMask = 2147483647;
			files = (
				CAB7CF372750C50F005C9232 /* CompanyAddressCell.swift in Sources */,
				CAB7CF332750B5C7005C9232 /* MainViewController.swift in Sources */,
				CAB7CF292750B0FA005C9232 /* LocationManager.swift in Sources */,
				CAB7CF482750CDCE005C9232 /* DayButtonView.swift in Sources */,
				CAB7CF2F2750B2FE005C9232 /* TemplateViewController.swift in Sources */,
				CAB7CF2B2750B146005C9232 /* SupportingMethods.swift in Sources */,
				CAB7CF312750B5B9005C9232 /* InitialViewController.swift in Sources */,
				CAB7CF3D2750C7F3005C9232 /* CompanyLocationAlertViewController.swift in Sources */,
				CAB7CF462750CD66005C9232 /* WorkTypeViewController.swift in Sources */,
				CAB7CF442750CD01005C9232 /* CompanyDetailedAddressViewController.swift in Sources */,
				CAB7CF352750C084005C9232 /* CompanyLocationViewController.swift in Sources */,
				CAB7CF392750C5C9005C9232 /* CompanyMapViewController.swift in Sources */,
				CAB7CF422750CBFD005C9232 /* CompanyAddressResponse.swift in Sources */,
				CA226762274402D50035663D /* AppDelegate.swift in Sources */,
				CAB7CF2D2750B280005C9232 /* ReferenceValues.swift in Sources */,
				CAB7CF3B2750C5F2005C9232 /* CompanyMapResponse.swift in Sources */,
			);
			runOnlyForDeploymentPostprocessing = 0;
		};
/* End PBXSourcesBuildPhase section */

/* Begin PBXVariantGroup section */
		CA226767274402D50035663D /* Main.storyboard */ = {
			isa = PBXVariantGroup;
			children = (
				CA226768274402D50035663D /* Base */,
			);
			name = Main.storyboard;
			sourceTree = "<group>";
		};
		CA22676C274402D60035663D /* LaunchScreen.storyboard */ = {
			isa = PBXVariantGroup;
			children = (
				CA22676D274402D60035663D /* Base */,
			);
			name = LaunchScreen.storyboard;
			sourceTree = "<group>";
		};
/* End PBXVariantGroup section */

/* Begin XCBuildConfiguration section */
		CA226770274402D60035663D /* Debug */ = {
			isa = XCBuildConfiguration;
			buildSettings = {
				ALWAYS_SEARCH_USER_PATHS = NO;
				CLANG_ANALYZER_NONNULL = YES;
				CLANG_ANALYZER_NUMBER_OBJECT_CONVERSION = YES_AGGRESSIVE;
				CLANG_CXX_LANGUAGE_STANDARD = "gnu++17";
				CLANG_CXX_LIBRARY = "libc++";
				CLANG_ENABLE_MODULES = YES;
				CLANG_ENABLE_OBJC_ARC = YES;
				CLANG_ENABLE_OBJC_WEAK = YES;
				CLANG_WARN_BLOCK_CAPTURE_AUTORELEASING = YES;
				CLANG_WARN_BOOL_CONVERSION = YES;
				CLANG_WARN_COMMA = YES;
				CLANG_WARN_CONSTANT_CONVERSION = YES;
				CLANG_WARN_DEPRECATED_OBJC_IMPLEMENTATIONS = YES;
				CLANG_WARN_DIRECT_OBJC_ISA_USAGE = YES_ERROR;
				CLANG_WARN_DOCUMENTATION_COMMENTS = YES;
				CLANG_WARN_EMPTY_BODY = YES;
				CLANG_WARN_ENUM_CONVERSION = YES;
				CLANG_WARN_INFINITE_RECURSION = YES;
				CLANG_WARN_INT_CONVERSION = YES;
				CLANG_WARN_NON_LITERAL_NULL_CONVERSION = YES;
				CLANG_WARN_OBJC_IMPLICIT_RETAIN_SELF = YES;
				CLANG_WARN_OBJC_LITERAL_CONVERSION = YES;
				CLANG_WARN_OBJC_ROOT_CLASS = YES_ERROR;
				CLANG_WARN_QUOTED_INCLUDE_IN_FRAMEWORK_HEADER = YES;
				CLANG_WARN_RANGE_LOOP_ANALYSIS = YES;
				CLANG_WARN_STRICT_PROTOTYPES = YES;
				CLANG_WARN_SUSPICIOUS_MOVE = YES;
				CLANG_WARN_UNGUARDED_AVAILABILITY = YES_AGGRESSIVE;
				CLANG_WARN_UNREACHABLE_CODE = YES;
				CLANG_WARN__DUPLICATE_METHOD_MATCH = YES;
				COPY_PHASE_STRIP = NO;
				DEBUG_INFORMATION_FORMAT = dwarf;
				ENABLE_STRICT_OBJC_MSGSEND = YES;
				ENABLE_TESTABILITY = YES;
				GCC_C_LANGUAGE_STANDARD = gnu11;
				GCC_DYNAMIC_NO_PIC = NO;
				GCC_NO_COMMON_BLOCKS = YES;
				GCC_OPTIMIZATION_LEVEL = 0;
				GCC_PREPROCESSOR_DEFINITIONS = (
					"DEBUG=1",
					"$(inherited)",
				);
				GCC_WARN_64_TO_32_BIT_CONVERSION = YES;
				GCC_WARN_ABOUT_RETURN_TYPE = YES_ERROR;
				GCC_WARN_UNDECLARED_SELECTOR = YES;
				GCC_WARN_UNINITIALIZED_AUTOS = YES_AGGRESSIVE;
				GCC_WARN_UNUSED_FUNCTION = YES;
				GCC_WARN_UNUSED_VARIABLE = YES;
				IPHONEOS_DEPLOYMENT_TARGET = 15.0;
				MTL_ENABLE_DEBUG_INFO = INCLUDE_SOURCE;
				MTL_FAST_MATH = YES;
				ONLY_ACTIVE_ARCH = YES;
				SDKROOT = iphoneos;
				SWIFT_ACTIVE_COMPILATION_CONDITIONS = DEBUG;
				SWIFT_OPTIMIZATION_LEVEL = "-Onone";
			};
			name = Debug;
		};
		CA226771274402D60035663D /* Release */ = {
			isa = XCBuildConfiguration;
			buildSettings = {
				ALWAYS_SEARCH_USER_PATHS = NO;
				CLANG_ANALYZER_NONNULL = YES;
				CLANG_ANALYZER_NUMBER_OBJECT_CONVERSION = YES_AGGRESSIVE;
				CLANG_CXX_LANGUAGE_STANDARD = "gnu++17";
				CLANG_CXX_LIBRARY = "libc++";
				CLANG_ENABLE_MODULES = YES;
				CLANG_ENABLE_OBJC_ARC = YES;
				CLANG_ENABLE_OBJC_WEAK = YES;
				CLANG_WARN_BLOCK_CAPTURE_AUTORELEASING = YES;
				CLANG_WARN_BOOL_CONVERSION = YES;
				CLANG_WARN_COMMA = YES;
				CLANG_WARN_CONSTANT_CONVERSION = YES;
				CLANG_WARN_DEPRECATED_OBJC_IMPLEMENTATIONS = YES;
				CLANG_WARN_DIRECT_OBJC_ISA_USAGE = YES_ERROR;
				CLANG_WARN_DOCUMENTATION_COMMENTS = YES;
				CLANG_WARN_EMPTY_BODY = YES;
				CLANG_WARN_ENUM_CONVERSION = YES;
				CLANG_WARN_INFINITE_RECURSION = YES;
				CLANG_WARN_INT_CONVERSION = YES;
				CLANG_WARN_NON_LITERAL_NULL_CONVERSION = YES;
				CLANG_WARN_OBJC_IMPLICIT_RETAIN_SELF = YES;
				CLANG_WARN_OBJC_LITERAL_CONVERSION = YES;
				CLANG_WARN_OBJC_ROOT_CLASS = YES_ERROR;
				CLANG_WARN_QUOTED_INCLUDE_IN_FRAMEWORK_HEADER = YES;
				CLANG_WARN_RANGE_LOOP_ANALYSIS = YES;
				CLANG_WARN_STRICT_PROTOTYPES = YES;
				CLANG_WARN_SUSPICIOUS_MOVE = YES;
				CLANG_WARN_UNGUARDED_AVAILABILITY = YES_AGGRESSIVE;
				CLANG_WARN_UNREACHABLE_CODE = YES;
				CLANG_WARN__DUPLICATE_METHOD_MATCH = YES;
				COPY_PHASE_STRIP = NO;
				DEBUG_INFORMATION_FORMAT = "dwarf-with-dsym";
				ENABLE_NS_ASSERTIONS = NO;
				ENABLE_STRICT_OBJC_MSGSEND = YES;
				GCC_C_LANGUAGE_STANDARD = gnu11;
				GCC_NO_COMMON_BLOCKS = YES;
				GCC_WARN_64_TO_32_BIT_CONVERSION = YES;
				GCC_WARN_ABOUT_RETURN_TYPE = YES_ERROR;
				GCC_WARN_UNDECLARED_SELECTOR = YES;
				GCC_WARN_UNINITIALIZED_AUTOS = YES_AGGRESSIVE;
				GCC_WARN_UNUSED_FUNCTION = YES;
				GCC_WARN_UNUSED_VARIABLE = YES;
				IPHONEOS_DEPLOYMENT_TARGET = 15.0;
				MTL_ENABLE_DEBUG_INFO = NO;
				MTL_FAST_MATH = YES;
				SDKROOT = iphoneos;
				SWIFT_COMPILATION_MODE = wholemodule;
				SWIFT_OPTIMIZATION_LEVEL = "-O";
				VALIDATE_PRODUCT = YES;
			};
			name = Release;
		};
		CA226773274402D60035663D /* Debug */ = {
			isa = XCBuildConfiguration;
			buildSettings = {
				ASSETCATALOG_COMPILER_APPICON_NAME = AppIcon;
				ASSETCATALOG_COMPILER_GLOBAL_ACCENT_COLOR_NAME = AccentColor;
				CODE_SIGN_STYLE = Automatic;
				CURRENT_PROJECT_VERSION = 1;
				DEVELOPMENT_TEAM = X947N5A32A;
				GENERATE_INFOPLIST_FILE = YES;
				INFOPLIST_FILE = TimeToGoHome/Info.plist;
				INFOPLIST_KEY_UIApplicationSupportsIndirectInputEvents = YES;
				INFOPLIST_KEY_UILaunchStoryboardName = LaunchScreen;
				INFOPLIST_KEY_UISupportedInterfaceOrientations = UIInterfaceOrientationPortrait;
				INFOPLIST_KEY_UISupportedInterfaceOrientations_iPad = "UIInterfaceOrientationPortrait UIInterfaceOrientationPortraitUpsideDown UIInterfaceOrientationLandscapeLeft UIInterfaceOrientationLandscapeRight";
				INFOPLIST_KEY_UISupportedInterfaceOrientations_iPhone = "UIInterfaceOrientationPortrait UIInterfaceOrientationLandscapeLeft UIInterfaceOrientationLandscapeRight";
				INFOPLIST_KEY_UIUserInterfaceStyle = Light;
				LD_RUNPATH_SEARCH_PATHS = (
					"$(inherited)",
					"@executable_path/Frameworks",
				);
				MARKETING_VERSION = 1.0;
				PRODUCT_BUNDLE_IDENTIFIER = clyksb0731.TimeToGoHome;
				PRODUCT_NAME = "$(TARGET_NAME)";
				SWIFT_EMIT_LOC_STRINGS = YES;
				SWIFT_VERSION = 5.0;
				TARGETED_DEVICE_FAMILY = 1;
			};
			name = Debug;
		};
		CA226774274402D60035663D /* Release */ = {
			isa = XCBuildConfiguration;
			buildSettings = {
				ASSETCATALOG_COMPILER_APPICON_NAME = AppIcon;
				ASSETCATALOG_COMPILER_GLOBAL_ACCENT_COLOR_NAME = AccentColor;
				CODE_SIGN_STYLE = Automatic;
				CURRENT_PROJECT_VERSION = 1;
				DEVELOPMENT_TEAM = X947N5A32A;
				GENERATE_INFOPLIST_FILE = YES;
				INFOPLIST_FILE = TimeToGoHome/Info.plist;
				INFOPLIST_KEY_UIApplicationSupportsIndirectInputEvents = YES;
				INFOPLIST_KEY_UILaunchStoryboardName = LaunchScreen;
				INFOPLIST_KEY_UISupportedInterfaceOrientations = UIInterfaceOrientationPortrait;
				INFOPLIST_KEY_UISupportedInterfaceOrientations_iPad = "UIInterfaceOrientationPortrait UIInterfaceOrientationPortraitUpsideDown UIInterfaceOrientationLandscapeLeft UIInterfaceOrientationLandscapeRight";
				INFOPLIST_KEY_UISupportedInterfaceOrientations_iPhone = "UIInterfaceOrientationPortrait UIInterfaceOrientationLandscapeLeft UIInterfaceOrientationLandscapeRight";
				INFOPLIST_KEY_UIUserInterfaceStyle = Light;
				LD_RUNPATH_SEARCH_PATHS = (
					"$(inherited)",
					"@executable_path/Frameworks",
				);
				MARKETING_VERSION = 1.0;
				PRODUCT_BUNDLE_IDENTIFIER = clyksb0731.TimeToGoHome;
				PRODUCT_NAME = "$(TARGET_NAME)";
				SWIFT_EMIT_LOC_STRINGS = YES;
				SWIFT_VERSION = 5.0;
				TARGETED_DEVICE_FAMILY = 1;
			};
			name = Release;
		};
/* End XCBuildConfiguration section */

/* Begin XCConfigurationList section */
		CA226759274402D50035663D /* Build configuration list for PBXProject "TimeToGoHome" */ = {
			isa = XCConfigurationList;
			buildConfigurations = (
				CA226770274402D60035663D /* Debug */,
				CA226771274402D60035663D /* Release */,
			);
			defaultConfigurationIsVisible = 0;
			defaultConfigurationName = Release;
		};
		CA226772274402D60035663D /* Build configuration list for PBXNativeTarget "TimeToGoHome" */ = {
			isa = XCConfigurationList;
			buildConfigurations = (
				CA226773274402D60035663D /* Debug */,
				CA226774274402D60035663D /* Release */,
			);
			defaultConfigurationIsVisible = 0;
			defaultConfigurationName = Release;
		};
/* End XCConfigurationList section */

/* Begin XCRemoteSwiftPackageReference section */
		CAB7CF3E2750CBB5005C9232 /* XCRemoteSwiftPackageReference "Alamofire" */ = {
			isa = XCRemoteSwiftPackageReference;
			repositoryURL = "https://github.com/Alamofire/Alamofire";
			requirement = {
				branch = master;
				kind = branch;
			};
		};
/* End XCRemoteSwiftPackageReference section */

/* Begin XCSwiftPackageProductDependency section */
		CAB7CF3F2750CBB5005C9232 /* Alamofire */ = {
			isa = XCSwiftPackageProductDependency;
			package = CAB7CF3E2750CBB5005C9232 /* XCRemoteSwiftPackageReference "Alamofire" */;
			productName = Alamofire;
		};
/* End XCSwiftPackageProductDependency section */
	};
	rootObject = CA226756274402D50035663D /* Project object */;
}
