// !$*UTF8*$!
{
	archiveVersion = 1;
	classes = {
	};
	objectVersion = 55;
	objects = {

/* Begin PBXBuildFile section */
		CA12806C27D1A64800CAFCE8 /* WorkScheduleModel.swift in Sources */ = {isa = PBXBuildFile; fileRef = CA12806B27D1A64800CAFCE8 /* WorkScheduleModel.swift */; };
		CA14AE42293798E4001497DF /* CalendarDayOfScheduleRecordCell.swift in Sources */ = {isa = PBXBuildFile; fileRef = CA14AE41293798E4001497DF /* CalendarDayOfScheduleRecordCell.swift */; };
		CA14AE442937A321001497DF /* CalendarHeaderOfScheduleRecordView.swift in Sources */ = {isa = PBXBuildFile; fileRef = CA14AE432937A321001497DF /* CalendarHeaderOfScheduleRecordView.swift */; };
		CA1592B127DF90E20021501D /* MainCoverViewController.swift in Sources */ = {isa = PBXBuildFile; fileRef = CA1592B027DF90E20021501D /* MainCoverViewController.swift */; };
		CA19EE8129477495004FB964 /* CareerHeaderView.swift in Sources */ = {isa = PBXBuildFile; fileRef = CA19EE8029477495004FB964 /* CareerHeaderView.swift */; };
		CA226762274402D50035663D /* AppDelegate.swift in Sources */ = {isa = PBXBuildFile; fileRef = CA226761274402D50035663D /* AppDelegate.swift */; };
		CA226769274402D50035663D /* Main.storyboard in Resources */ = {isa = PBXBuildFile; fileRef = CA226767274402D50035663D /* Main.storyboard */; };
		CA22676B274402D60035663D /* Assets.xcassets in Resources */ = {isa = PBXBuildFile; fileRef = CA22676A274402D60035663D /* Assets.xcassets */; };
		CA22676E274402D60035663D /* LaunchScreen.storyboard in Resources */ = {isa = PBXBuildFile; fileRef = CA22676C274402D60035663D /* LaunchScreen.storyboard */; };
		CA4589E829334983003CA0EB /* CareerViewController.swift in Sources */ = {isa = PBXBuildFile; fileRef = CA4589E729334983003CA0EB /* CareerViewController.swift */; };
		CA4589EA29334AE0003CA0EB /* CareerCell.swift in Sources */ = {isa = PBXBuildFile; fileRef = CA4589E929334AE0003CA0EB /* CareerCell.swift */; };
		CA4589EC29338A46003CA0EB /* WorkRecordCell.swift in Sources */ = {isa = PBXBuildFile; fileRef = CA4589EB29338A46003CA0EB /* WorkRecordCell.swift */; };
		CA4589EE29338A67003CA0EB /* WorkRecordHeaderView.swift in Sources */ = {isa = PBXBuildFile; fileRef = CA4589ED29338A67003CA0EB /* WorkRecordHeaderView.swift */; };
		CA4589F02933B396003CA0EB /* WorkRecordModel.swift in Sources */ = {isa = PBXBuildFile; fileRef = CA4589EF2933B396003CA0EB /* WorkRecordModel.swift */; };
		CA47B0F72924BA9A00D3D8F7 /* MenuViewController.swift in Sources */ = {isa = PBXBuildFile; fileRef = CA47B0F62924BA9A00D3D8F7 /* MenuViewController.swift */; };
		CA47B0F92924BAE700D3D8F7 /* MenuCell.swift in Sources */ = {isa = PBXBuildFile; fileRef = CA47B0F82924BAE700D3D8F7 /* MenuCell.swift */; };
		CA47B0FB2924BB0600D3D8F7 /* SettingViewController.swift in Sources */ = {isa = PBXBuildFile; fileRef = CA47B0FA2924BB0600D3D8F7 /* SettingViewController.swift */; };
		CA47B0FD2924C0F400D3D8F7 /* MenuHeaderView.swift in Sources */ = {isa = PBXBuildFile; fileRef = CA47B0FC2924C0F400D3D8F7 /* MenuHeaderView.swift */; };
		CA4EC6902936463A0079CFBE /* WorkScheduleRecordModel.swift in Sources */ = {isa = PBXBuildFile; fileRef = CA4EC68F2936463A0079CFBE /* WorkScheduleRecordModel.swift */; };
		CA4EC692293646E50079CFBE /* DayWorkRecordViewController.swift in Sources */ = {isa = PBXBuildFile; fileRef = CA4EC691293646E50079CFBE /* DayWorkRecordViewController.swift */; };
		CA4EC6942936470D0079CFBE /* RecordScheduleCell.swift in Sources */ = {isa = PBXBuildFile; fileRef = CA4EC6932936470D0079CFBE /* RecordScheduleCell.swift */; };
		CA4EC696293647290079CFBE /* RecordSchedulingCell.swift in Sources */ = {isa = PBXBuildFile; fileRef = CA4EC695293647290079CFBE /* RecordSchedulingCell.swift */; };
		CA5327092907BAB0003D66A9 /* CustomizedNavigationController.swift in Sources */ = {isa = PBXBuildFile; fileRef = CA5327082907BAB0003D66A9 /* CustomizedNavigationController.swift */; };
		CA612DEC292D13BD00547AC2 /* WorkRecordViewController.swift in Sources */ = {isa = PBXBuildFile; fileRef = CA612DEB292D13BD00547AC2 /* WorkRecordViewController.swift */; };
		CA6D12FB2910215300835CB6 /* CustomizedTabBarController.swift in Sources */ = {isa = PBXBuildFile; fileRef = CA6D12FA2910215300835CB6 /* CustomizedTabBarController.swift */; };
		CA7696FB296A6DD500F36A1D /* SettingStaggeredWorkViewController.swift in Sources */ = {isa = PBXBuildFile; fileRef = CA7696FA296A6DD500F36A1D /* SettingStaggeredWorkViewController.swift */; };
		CA7696FF296A980A00F36A1D /* SettingNormalWorkTypeViewController.swift in Sources */ = {isa = PBXBuildFile; fileRef = CA7696FE296A980A00F36A1D /* SettingNormalWorkTypeViewController.swift */; };
		CA79A8E627D85550000F58E2 /* TemplateCell.swift in Sources */ = {isa = PBXBuildFile; fileRef = CA79A8E527D85550000F58E2 /* TemplateCell.swift */; };
		CA8ED6A5295203F30026478A /* MenuLargeCell.swift in Sources */ = {isa = PBXBuildFile; fileRef = CA8ED6A4295203F30026478A /* MenuLargeCell.swift */; };
		CA9211B12968037000E0F288 /* SettingSubCell.swift in Sources */ = {isa = PBXBuildFile; fileRef = CA9211B02968037000E0F288 /* SettingSubCell.swift */; };
		CA95E146296ADF4700F95FF9 /* SettingCompanyMapViewController.swift in Sources */ = {isa = PBXBuildFile; fileRef = CA95E145296ADF4700F95FF9 /* SettingCompanyMapViewController.swift */; };
		CA95E148296ADF9D00F95FF9 /* SettingCompanyAddressCell.swift in Sources */ = {isa = PBXBuildFile; fileRef = CA95E147296ADF9D00F95FF9 /* SettingCompanyAddressCell.swift */; };
		CA95E14B296ADFCE00F95FF9 /* SettingHolidaysViewController.swift in Sources */ = {isa = PBXBuildFile; fileRef = CA95E14A296ADFCE00F95FF9 /* SettingHolidaysViewController.swift */; };
		CAA3B24B2801755D00FFF892 /* CalendarDayCell.swift in Sources */ = {isa = PBXBuildFile; fileRef = CAA3B24A2801755D00FFF892 /* CalendarDayCell.swift */; };
		CAA3B24D2801758200FFF892 /* CalendarHeaderView.swift in Sources */ = {isa = PBXBuildFile; fileRef = CAA3B24C2801758200FFF892 /* CalendarHeaderView.swift */; };
		CAA3B24F28018ED600FFF892 /* VacationButtonView.swift in Sources */ = {isa = PBXBuildFile; fileRef = CAA3B24E28018ED600FFF892 /* VacationButtonView.swift */; };
		CAA65B1327E50899000ECC40 /* Alamofire in Frameworks */ = {isa = PBXBuildFile; productRef = CAA65B1227E50899000ECC40 /* Alamofire */; };
		CAB6C93927FA9A9E00B67F1A /* StaggeredWorkTypeViewController.swift in Sources */ = {isa = PBXBuildFile; fileRef = CAB6C93827FA9A9E00B67F1A /* StaggeredWorkTypeViewController.swift */; };
		CAB6C93B27FA9AAC00B67F1A /* NormalWorkTypeViewController.swift in Sources */ = {isa = PBXBuildFile; fileRef = CAB6C93A27FA9AAC00B67F1A /* NormalWorkTypeViewController.swift */; };
		CAB6C93D27FA9C4800B67F1A /* DayOffViewController.swift in Sources */ = {isa = PBXBuildFile; fileRef = CAB6C93C27FA9C4800B67F1A /* DayOffViewController.swift */; };
		CAB7CF292750B0FA005C9232 /* LocationManager.swift in Sources */ = {isa = PBXBuildFile; fileRef = CAB7CF282750B0FA005C9232 /* LocationManager.swift */; };
		CAB7CF2B2750B146005C9232 /* SupportingMethods.swift in Sources */ = {isa = PBXBuildFile; fileRef = CAB7CF2A2750B146005C9232 /* SupportingMethods.swift */; };
		CAB7CF2D2750B280005C9232 /* ReferenceValues.swift in Sources */ = {isa = PBXBuildFile; fileRef = CAB7CF2C2750B280005C9232 /* ReferenceValues.swift */; };
		CAB7CF2F2750B2FE005C9232 /* TemplateViewController.swift in Sources */ = {isa = PBXBuildFile; fileRef = CAB7CF2E2750B2FE005C9232 /* TemplateViewController.swift */; };
		CAB7CF312750B5B9005C9232 /* InitialViewController.swift in Sources */ = {isa = PBXBuildFile; fileRef = CAB7CF302750B5B9005C9232 /* InitialViewController.swift */; };
		CAB7CF332750B5C7005C9232 /* MainViewController.swift in Sources */ = {isa = PBXBuildFile; fileRef = CAB7CF322750B5C7005C9232 /* MainViewController.swift */; };
		CAB7CF352750C084005C9232 /* CompanyLocationViewController.swift in Sources */ = {isa = PBXBuildFile; fileRef = CAB7CF342750C084005C9232 /* CompanyLocationViewController.swift */; };
		CAB7CF372750C50F005C9232 /* CompanyAddressCell.swift in Sources */ = {isa = PBXBuildFile; fileRef = CAB7CF362750C50F005C9232 /* CompanyAddressCell.swift */; };
		CAB7CF392750C5C9005C9232 /* CompanyMapViewController.swift in Sources */ = {isa = PBXBuildFile; fileRef = CAB7CF382750C5C9005C9232 /* CompanyMapViewController.swift */; };
		CAB7CF3D2750C7F3005C9232 /* CompanyLocationAlertViewController.swift in Sources */ = {isa = PBXBuildFile; fileRef = CAB7CF3C2750C7F3005C9232 /* CompanyLocationAlertViewController.swift */; };
		CAB7CF422750CBFD005C9232 /* CompanyLocationModel.swift in Sources */ = {isa = PBXBuildFile; fileRef = CAB7CF412750CBFD005C9232 /* CompanyLocationModel.swift */; };
		CAB7CF442750CD01005C9232 /* CompanyDetailedAddressViewController.swift in Sources */ = {isa = PBXBuildFile; fileRef = CAB7CF432750CD01005C9232 /* CompanyDetailedAddressViewController.swift */; };
		CAB7CF482750CDCE005C9232 /* DayButtonView.swift in Sources */ = {isa = PBXBuildFile; fileRef = CAB7CF472750CDCE005C9232 /* DayButtonView.swift */; };
		CAB9AD6C29267647006AB951 /* SettingCell.swift in Sources */ = {isa = PBXBuildFile; fileRef = CAB9AD6B29267647006AB951 /* SettingCell.swift */; };
		CAB9AD6E2926765F006AB951 /* SettingHeaderView.swift in Sources */ = {isa = PBXBuildFile; fileRef = CAB9AD6D2926765F006AB951 /* SettingHeaderView.swift */; };
		CABD62932928F96F004F3C4F /* MenuCoverViewController.swift in Sources */ = {isa = PBXBuildFile; fileRef = CABD62922928F96F004F3C4F /* MenuCoverViewController.swift */; };
		CAC2625528367F0C0074A599 /* Realm in Frameworks */ = {isa = PBXBuildFile; productRef = CAC2625428367F0C0074A599 /* Realm */; };
		CAC2625728367F0C0074A599 /* RealmSwift in Frameworks */ = {isa = PBXBuildFile; productRef = CAC2625628367F0C0074A599 /* RealmSwift */; };
		CAD8E619293CC80C00E3E634 /* NumberOfPaidHolidaysViewController.swift in Sources */ = {isa = PBXBuildFile; fileRef = CAD8E618293CC80C00E3E634 /* NumberOfPaidHolidaysViewController.swift */; };
		CAD8E61B293CC84800E3E634 /* VacationUsageViewController.swift in Sources */ = {isa = PBXBuildFile; fileRef = CAD8E61A293CC84800E3E634 /* VacationUsageViewController.swift */; };
		CAD8E61D293CC87700E3E634 /* CalendarHeaderOfVacationUsageView.swift in Sources */ = {isa = PBXBuildFile; fileRef = CAD8E61C293CC87700E3E634 /* CalendarHeaderOfVacationUsageView.swift */; };
		CAD8E61F293CC89500E3E634 /* CalendarDayOfVacationUsageCell.swift in Sources */ = {isa = PBXBuildFile; fileRef = CAD8E61E293CC89500E3E634 /* CalendarDayOfVacationUsageCell.swift */; };
		CAD8E623293CC90E00E3E634 /* WorkStatisticsViewController.swift in Sources */ = {isa = PBXBuildFile; fileRef = CAD8E622293CC90E00E3E634 /* WorkStatisticsViewController.swift */; };
		CAECA69127ED982C005D7859 /* ScheduleButtonView.swift in Sources */ = {isa = PBXBuildFile; fileRef = CAECA69027ED982C005D7859 /* ScheduleButtonView.swift */; };
		CAF5E49929650E0A00038290 /* YSBlueSwitch.swift in Sources */ = {isa = PBXBuildFile; fileRef = CAF5E49829650E0A00038290 /* YSBlueSwitch.swift */; };
		CAFA9F3627B3FCB00088003A /* WhiteButtonView.swift in Sources */ = {isa = PBXBuildFile; fileRef = CAFA9F3527B3FCB00088003A /* WhiteButtonView.swift */; };
		CAFD580027DACDFD0027811C /* ScheduleTypeCell.swift in Sources */ = {isa = PBXBuildFile; fileRef = CAFD57FF27DACDFD0027811C /* ScheduleTypeCell.swift */; };
		CAFD580227DB2D0E0027811C /* SchedulingCell.swift in Sources */ = {isa = PBXBuildFile; fileRef = CAFD580127DB2D0E0027811C /* SchedulingCell.swift */; };
		CAFEF7CF2839117200DE5BA9 /* ReamDB.swift in Sources */ = {isa = PBXBuildFile; fileRef = CAFEF7CE2839117200DE5BA9 /* ReamDB.swift */; };
/* End PBXBuildFile section */

/* Begin PBXFileReference section */
		CA12806B27D1A64800CAFCE8 /* WorkScheduleModel.swift */ = {isa = PBXFileReference; lastKnownFileType = sourcecode.swift; path = WorkScheduleModel.swift; sourceTree = "<group>"; };
		CA14AE41293798E4001497DF /* CalendarDayOfScheduleRecordCell.swift */ = {isa = PBXFileReference; lastKnownFileType = sourcecode.swift; path = CalendarDayOfScheduleRecordCell.swift; sourceTree = "<group>"; };
		CA14AE432937A321001497DF /* CalendarHeaderOfScheduleRecordView.swift */ = {isa = PBXFileReference; lastKnownFileType = sourcecode.swift; path = CalendarHeaderOfScheduleRecordView.swift; sourceTree = "<group>"; };
		CA1592B027DF90E20021501D /* MainCoverViewController.swift */ = {isa = PBXFileReference; lastKnownFileType = sourcecode.swift; path = MainCoverViewController.swift; sourceTree = "<group>"; };
		CA19EE8029477495004FB964 /* CareerHeaderView.swift */ = {isa = PBXFileReference; lastKnownFileType = sourcecode.swift; path = CareerHeaderView.swift; sourceTree = "<group>"; };
		CA22675E274402D50035663D /* TimeToGoHome.app */ = {isa = PBXFileReference; explicitFileType = wrapper.application; includeInIndex = 0; path = TimeToGoHome.app; sourceTree = BUILT_PRODUCTS_DIR; };
		CA226761274402D50035663D /* AppDelegate.swift */ = {isa = PBXFileReference; lastKnownFileType = sourcecode.swift; path = AppDelegate.swift; sourceTree = "<group>"; };
		CA226768274402D50035663D /* Base */ = {isa = PBXFileReference; lastKnownFileType = file.storyboard; name = Base; path = Base.lproj/Main.storyboard; sourceTree = "<group>"; };
		CA22676A274402D60035663D /* Assets.xcassets */ = {isa = PBXFileReference; lastKnownFileType = folder.assetcatalog; path = Assets.xcassets; sourceTree = "<group>"; };
		CA22676D274402D60035663D /* Base */ = {isa = PBXFileReference; lastKnownFileType = file.storyboard; name = Base; path = Base.lproj/LaunchScreen.storyboard; sourceTree = "<group>"; };
		CA22676F274402D60035663D /* Info.plist */ = {isa = PBXFileReference; lastKnownFileType = text.plist.xml; path = Info.plist; sourceTree = "<group>"; };
		CA4589E729334983003CA0EB /* CareerViewController.swift */ = {isa = PBXFileReference; lastKnownFileType = sourcecode.swift; path = CareerViewController.swift; sourceTree = "<group>"; };
		CA4589E929334AE0003CA0EB /* CareerCell.swift */ = {isa = PBXFileReference; lastKnownFileType = sourcecode.swift; path = CareerCell.swift; sourceTree = "<group>"; };
		CA4589EB29338A46003CA0EB /* WorkRecordCell.swift */ = {isa = PBXFileReference; lastKnownFileType = sourcecode.swift; path = WorkRecordCell.swift; sourceTree = "<group>"; };
		CA4589ED29338A67003CA0EB /* WorkRecordHeaderView.swift */ = {isa = PBXFileReference; lastKnownFileType = sourcecode.swift; path = WorkRecordHeaderView.swift; sourceTree = "<group>"; };
		CA4589EF2933B396003CA0EB /* WorkRecordModel.swift */ = {isa = PBXFileReference; lastKnownFileType = sourcecode.swift; path = WorkRecordModel.swift; sourceTree = "<group>"; };
		CA47B0F62924BA9A00D3D8F7 /* MenuViewController.swift */ = {isa = PBXFileReference; lastKnownFileType = sourcecode.swift; path = MenuViewController.swift; sourceTree = "<group>"; };
		CA47B0F82924BAE700D3D8F7 /* MenuCell.swift */ = {isa = PBXFileReference; lastKnownFileType = sourcecode.swift; path = MenuCell.swift; sourceTree = "<group>"; };
		CA47B0FA2924BB0600D3D8F7 /* SettingViewController.swift */ = {isa = PBXFileReference; lastKnownFileType = sourcecode.swift; path = SettingViewController.swift; sourceTree = "<group>"; };
		CA47B0FC2924C0F400D3D8F7 /* MenuHeaderView.swift */ = {isa = PBXFileReference; lastKnownFileType = sourcecode.swift; path = MenuHeaderView.swift; sourceTree = "<group>"; };
		CA4EC68F2936463A0079CFBE /* WorkScheduleRecordModel.swift */ = {isa = PBXFileReference; lastKnownFileType = sourcecode.swift; path = WorkScheduleRecordModel.swift; sourceTree = "<group>"; };
		CA4EC691293646E50079CFBE /* DayWorkRecordViewController.swift */ = {isa = PBXFileReference; lastKnownFileType = sourcecode.swift; path = DayWorkRecordViewController.swift; sourceTree = "<group>"; };
		CA4EC6932936470D0079CFBE /* RecordScheduleCell.swift */ = {isa = PBXFileReference; lastKnownFileType = sourcecode.swift; path = RecordScheduleCell.swift; sourceTree = "<group>"; };
		CA4EC695293647290079CFBE /* RecordSchedulingCell.swift */ = {isa = PBXFileReference; lastKnownFileType = sourcecode.swift; path = RecordSchedulingCell.swift; sourceTree = "<group>"; };
		CA5327082907BAB0003D66A9 /* CustomizedNavigationController.swift */ = {isa = PBXFileReference; lastKnownFileType = sourcecode.swift; path = CustomizedNavigationController.swift; sourceTree = "<group>"; };
		CA612DEB292D13BD00547AC2 /* WorkRecordViewController.swift */ = {isa = PBXFileReference; lastKnownFileType = sourcecode.swift; path = WorkRecordViewController.swift; sourceTree = "<group>"; };
		CA6D12FA2910215300835CB6 /* CustomizedTabBarController.swift */ = {isa = PBXFileReference; lastKnownFileType = sourcecode.swift; path = CustomizedTabBarController.swift; sourceTree = "<group>"; };
		CA7696FA296A6DD500F36A1D /* SettingStaggeredWorkViewController.swift */ = {isa = PBXFileReference; lastKnownFileType = sourcecode.swift; path = SettingStaggeredWorkViewController.swift; sourceTree = "<group>"; };
		CA7696FE296A980A00F36A1D /* SettingNormalWorkTypeViewController.swift */ = {isa = PBXFileReference; lastKnownFileType = sourcecode.swift; path = SettingNormalWorkTypeViewController.swift; sourceTree = "<group>"; };
		CA79A8E527D85550000F58E2 /* TemplateCell.swift */ = {isa = PBXFileReference; lastKnownFileType = sourcecode.swift; path = TemplateCell.swift; sourceTree = "<group>"; };
		CA8ED6A4295203F30026478A /* MenuLargeCell.swift */ = {isa = PBXFileReference; lastKnownFileType = sourcecode.swift; path = MenuLargeCell.swift; sourceTree = "<group>"; };
		CA9211B02968037000E0F288 /* SettingSubCell.swift */ = {isa = PBXFileReference; lastKnownFileType = sourcecode.swift; path = SettingSubCell.swift; sourceTree = "<group>"; };
		CA95E145296ADF4700F95FF9 /* SettingCompanyMapViewController.swift */ = {isa = PBXFileReference; lastKnownFileType = sourcecode.swift; path = SettingCompanyMapViewController.swift; sourceTree = "<group>"; };
		CA95E147296ADF9D00F95FF9 /* SettingCompanyAddressCell.swift */ = {isa = PBXFileReference; lastKnownFileType = sourcecode.swift; path = SettingCompanyAddressCell.swift; sourceTree = "<group>"; };
		CA95E14A296ADFCE00F95FF9 /* SettingHolidaysViewController.swift */ = {isa = PBXFileReference; lastKnownFileType = sourcecode.swift; path = SettingHolidaysViewController.swift; sourceTree = "<group>"; };
		CAA3B24A2801755D00FFF892 /* CalendarDayCell.swift */ = {isa = PBXFileReference; lastKnownFileType = sourcecode.swift; path = CalendarDayCell.swift; sourceTree = "<group>"; };
		CAA3B24C2801758200FFF892 /* CalendarHeaderView.swift */ = {isa = PBXFileReference; lastKnownFileType = sourcecode.swift; path = CalendarHeaderView.swift; sourceTree = "<group>"; };
		CAA3B24E28018ED600FFF892 /* VacationButtonView.swift */ = {isa = PBXFileReference; lastKnownFileType = sourcecode.swift; path = VacationButtonView.swift; sourceTree = "<group>"; };
		CAB6C93827FA9A9E00B67F1A /* StaggeredWorkTypeViewController.swift */ = {isa = PBXFileReference; lastKnownFileType = sourcecode.swift; path = StaggeredWorkTypeViewController.swift; sourceTree = "<group>"; };
		CAB6C93A27FA9AAC00B67F1A /* NormalWorkTypeViewController.swift */ = {isa = PBXFileReference; lastKnownFileType = sourcecode.swift; path = NormalWorkTypeViewController.swift; sourceTree = "<group>"; };
		CAB6C93C27FA9C4800B67F1A /* DayOffViewController.swift */ = {isa = PBXFileReference; lastKnownFileType = sourcecode.swift; path = DayOffViewController.swift; sourceTree = "<group>"; };
		CAB7CF282750B0FA005C9232 /* LocationManager.swift */ = {isa = PBXFileReference; lastKnownFileType = sourcecode.swift; path = LocationManager.swift; sourceTree = "<group>"; };
		CAB7CF2A2750B146005C9232 /* SupportingMethods.swift */ = {isa = PBXFileReference; lastKnownFileType = sourcecode.swift; path = SupportingMethods.swift; sourceTree = "<group>"; };
		CAB7CF2C2750B280005C9232 /* ReferenceValues.swift */ = {isa = PBXFileReference; lastKnownFileType = sourcecode.swift; path = ReferenceValues.swift; sourceTree = "<group>"; };
		CAB7CF2E2750B2FE005C9232 /* TemplateViewController.swift */ = {isa = PBXFileReference; lastKnownFileType = sourcecode.swift; path = TemplateViewController.swift; sourceTree = "<group>"; };
		CAB7CF302750B5B9005C9232 /* InitialViewController.swift */ = {isa = PBXFileReference; lastKnownFileType = sourcecode.swift; path = InitialViewController.swift; sourceTree = "<group>"; };
		CAB7CF322750B5C7005C9232 /* MainViewController.swift */ = {isa = PBXFileReference; lastKnownFileType = sourcecode.swift; path = MainViewController.swift; sourceTree = "<group>"; };
		CAB7CF342750C084005C9232 /* CompanyLocationViewController.swift */ = {isa = PBXFileReference; lastKnownFileType = sourcecode.swift; path = CompanyLocationViewController.swift; sourceTree = "<group>"; };
		CAB7CF362750C50F005C9232 /* CompanyAddressCell.swift */ = {isa = PBXFileReference; lastKnownFileType = sourcecode.swift; path = CompanyAddressCell.swift; sourceTree = "<group>"; };
		CAB7CF382750C5C9005C9232 /* CompanyMapViewController.swift */ = {isa = PBXFileReference; lastKnownFileType = sourcecode.swift; path = CompanyMapViewController.swift; sourceTree = "<group>"; };
		CAB7CF3C2750C7F3005C9232 /* CompanyLocationAlertViewController.swift */ = {isa = PBXFileReference; lastKnownFileType = sourcecode.swift; path = CompanyLocationAlertViewController.swift; sourceTree = "<group>"; };
		CAB7CF412750CBFD005C9232 /* CompanyLocationModel.swift */ = {isa = PBXFileReference; lastKnownFileType = sourcecode.swift; path = CompanyLocationModel.swift; sourceTree = "<group>"; };
		CAB7CF432750CD01005C9232 /* CompanyDetailedAddressViewController.swift */ = {isa = PBXFileReference; lastKnownFileType = sourcecode.swift; path = CompanyDetailedAddressViewController.swift; sourceTree = "<group>"; };
		CAB7CF472750CDCE005C9232 /* DayButtonView.swift */ = {isa = PBXFileReference; lastKnownFileType = sourcecode.swift; path = DayButtonView.swift; sourceTree = "<group>"; };
		CAB9AD6B29267647006AB951 /* SettingCell.swift */ = {isa = PBXFileReference; lastKnownFileType = sourcecode.swift; path = SettingCell.swift; sourceTree = "<group>"; };
		CAB9AD6D2926765F006AB951 /* SettingHeaderView.swift */ = {isa = PBXFileReference; lastKnownFileType = sourcecode.swift; path = SettingHeaderView.swift; sourceTree = "<group>"; };
		CABD62922928F96F004F3C4F /* MenuCoverViewController.swift */ = {isa = PBXFileReference; lastKnownFileType = sourcecode.swift; path = MenuCoverViewController.swift; sourceTree = "<group>"; };
		CAD8E618293CC80C00E3E634 /* NumberOfPaidHolidaysViewController.swift */ = {isa = PBXFileReference; lastKnownFileType = sourcecode.swift; path = NumberOfPaidHolidaysViewController.swift; sourceTree = "<group>"; };
		CAD8E61A293CC84800E3E634 /* VacationUsageViewController.swift */ = {isa = PBXFileReference; lastKnownFileType = sourcecode.swift; path = VacationUsageViewController.swift; sourceTree = "<group>"; };
		CAD8E61C293CC87700E3E634 /* CalendarHeaderOfVacationUsageView.swift */ = {isa = PBXFileReference; lastKnownFileType = sourcecode.swift; path = CalendarHeaderOfVacationUsageView.swift; sourceTree = "<group>"; };
		CAD8E61E293CC89500E3E634 /* CalendarDayOfVacationUsageCell.swift */ = {isa = PBXFileReference; lastKnownFileType = sourcecode.swift; path = CalendarDayOfVacationUsageCell.swift; sourceTree = "<group>"; };
		CAD8E622293CC90E00E3E634 /* WorkStatisticsViewController.swift */ = {isa = PBXFileReference; lastKnownFileType = sourcecode.swift; path = WorkStatisticsViewController.swift; sourceTree = "<group>"; };
		CAECA69027ED982C005D7859 /* ScheduleButtonView.swift */ = {isa = PBXFileReference; lastKnownFileType = sourcecode.swift; path = ScheduleButtonView.swift; sourceTree = "<group>"; };
		CAF5E49829650E0A00038290 /* YSBlueSwitch.swift */ = {isa = PBXFileReference; lastKnownFileType = sourcecode.swift; path = YSBlueSwitch.swift; sourceTree = "<group>"; };
		CAFA9F3527B3FCB00088003A /* WhiteButtonView.swift */ = {isa = PBXFileReference; lastKnownFileType = sourcecode.swift; path = WhiteButtonView.swift; sourceTree = "<group>"; };
		CAFD57FF27DACDFD0027811C /* ScheduleTypeCell.swift */ = {isa = PBXFileReference; lastKnownFileType = sourcecode.swift; path = ScheduleTypeCell.swift; sourceTree = "<group>"; };
		CAFD580127DB2D0E0027811C /* SchedulingCell.swift */ = {isa = PBXFileReference; lastKnownFileType = sourcecode.swift; path = SchedulingCell.swift; sourceTree = "<group>"; };
		CAFEF7CE2839117200DE5BA9 /* ReamDB.swift */ = {isa = PBXFileReference; lastKnownFileType = sourcecode.swift; path = ReamDB.swift; sourceTree = "<group>"; };
/* End PBXFileReference section */

/* Begin PBXFrameworksBuildPhase section */
		CA22675B274402D50035663D /* Frameworks */ = {
			isa = PBXFrameworksBuildPhase;
			buildActionMask = 2147483647;
			files = (
				CAC2625728367F0C0074A599 /* RealmSwift in Frameworks */,
				CAC2625528367F0C0074A599 /* Realm in Frameworks */,
				CAA65B1327E50899000ECC40 /* Alamofire in Frameworks */,
			);
			runOnlyForDeploymentPostprocessing = 0;
		};
/* End PBXFrameworksBuildPhase section */

/* Begin PBXGroup section */
		CA226755274402D50035663D = {
			isa = PBXGroup;
			children = (
				CA226760274402D50035663D /* TimeToGoHome */,
				CA22675F274402D50035663D /* Products */,
			);
			sourceTree = "<group>";
		};
		CA22675F274402D50035663D /* Products */ = {
			isa = PBXGroup;
			children = (
				CA22675E274402D50035663D /* TimeToGoHome.app */,
			);
			name = Products;
			sourceTree = "<group>";
		};
		CA226760274402D50035663D /* TimeToGoHome */ = {
			isa = PBXGroup;
			children = (
				CA226761274402D50035663D /* AppDelegate.swift */,
				CAB9AD642926701E006AB951 /* InitialSetting */,
				CAB9AD65292670E5006AB951 /* Main */,
				CAB9AD69292671FE006AB951 /* Menu */,
				CAB9AD6A29267293006AB951 /* Setting */,
				CAB9AD6F29267897006AB951 /* Models */,
				CAB9AD70292678BC006AB951 /* Supportings */,
				CAB7CF2E2750B2FE005C9232 /* TemplateViewController.swift */,
				CA79A8E527D85550000F58E2 /* TemplateCell.swift */,
				CA226767274402D50035663D /* Main.storyboard */,
				CA22676A274402D60035663D /* Assets.xcassets */,
				CA22676C274402D60035663D /* LaunchScreen.storyboard */,
				CA22676F274402D60035663D /* Info.plist */,
			);
			path = TimeToGoHome;
			sourceTree = "<group>";
		};
		CA8ED6A3295203AF0026478A /* MenuCover */ = {
			isa = PBXGroup;
			children = (
				CABD62922928F96F004F3C4F /* MenuCoverViewController.swift */,
				CA14AE432937A321001497DF /* CalendarHeaderOfScheduleRecordView.swift */,
				CA14AE41293798E4001497DF /* CalendarDayOfScheduleRecordCell.swift */,
			);
			path = MenuCover;
			sourceTree = "<group>";
		};
		CA95E144296ADE6000F95FF9 /* SettingWorkType */ = {
			isa = PBXGroup;
			children = (
				CA7696FA296A6DD500F36A1D /* SettingStaggeredWorkViewController.swift */,
				CA7696FE296A980A00F36A1D /* SettingNormalWorkTypeViewController.swift */,
			);
			path = SettingWorkType;
			sourceTree = "<group>";
		};
		CA95E149296ADFA100F95FF9 /* SettingCompanyLocation */ = {
			isa = PBXGroup;
			children = (
				CA95E145296ADF4700F95FF9 /* SettingCompanyMapViewController.swift */,
				CA95E147296ADF9D00F95FF9 /* SettingCompanyAddressCell.swift */,
			);
			path = SettingCompanyLocation;
			sourceTree = "<group>";
		};
		CAB9AD642926701E006AB951 /* InitialSetting */ = {
			isa = PBXGroup;
			children = (
				CAB7CF302750B5B9005C9232 /* InitialViewController.swift */,
				CAB9AD6629267170006AB951 /* CompanyLocation */,
				CAB9AD6729267199006AB951 /* WorkType */,
				CAB9AD68292671A9006AB951 /* DayOff */,
			);
			path = InitialSetting;
			sourceTree = "<group>";
		};
		CAB9AD65292670E5006AB951 /* Main */ = {
			isa = PBXGroup;
			children = (
				CAB7CF322750B5C7005C9232 /* MainViewController.swift */,
				CAECA69027ED982C005D7859 /* ScheduleButtonView.swift */,
				CAFA9F3527B3FCB00088003A /* WhiteButtonView.swift */,
				CAFD57FF27DACDFD0027811C /* ScheduleTypeCell.swift */,
				CAFD580127DB2D0E0027811C /* SchedulingCell.swift */,
				CA1592B027DF90E20021501D /* MainCoverViewController.swift */,
			);
			path = Main;
			sourceTree = "<group>";
		};
		CAB9AD6629267170006AB951 /* CompanyLocation */ = {
			isa = PBXGroup;
			children = (
				CAB7CF342750C084005C9232 /* CompanyLocationViewController.swift */,
				CAB7CF362750C50F005C9232 /* CompanyAddressCell.swift */,
				CAB7CF382750C5C9005C9232 /* CompanyMapViewController.swift */,
				CAB7CF3C2750C7F3005C9232 /* CompanyLocationAlertViewController.swift */,
				CAB7CF432750CD01005C9232 /* CompanyDetailedAddressViewController.swift */,
			);
			path = CompanyLocation;
			sourceTree = "<group>";
		};
		CAB9AD6729267199006AB951 /* WorkType */ = {
			isa = PBXGroup;
			children = (
				CAB6C93827FA9A9E00B67F1A /* StaggeredWorkTypeViewController.swift */,
				CAB6C93A27FA9AAC00B67F1A /* NormalWorkTypeViewController.swift */,
			);
			path = WorkType;
			sourceTree = "<group>";
		};
		CAB9AD68292671A9006AB951 /* DayOff */ = {
			isa = PBXGroup;
			children = (
				CAB6C93C27FA9C4800B67F1A /* DayOffViewController.swift */,
				CAA3B24C2801758200FFF892 /* CalendarHeaderView.swift */,
				CAA3B24A2801755D00FFF892 /* CalendarDayCell.swift */,
				CAA3B24E28018ED600FFF892 /* VacationButtonView.swift */,
				CAB7CF472750CDCE005C9232 /* DayButtonView.swift */,
			);
			path = DayOff;
			sourceTree = "<group>";
		};
		CAB9AD69292671FE006AB951 /* Menu */ = {
			isa = PBXGroup;
			children = (
				CA47B0F62924BA9A00D3D8F7 /* MenuViewController.swift */,
				CA47B0FC2924C0F400D3D8F7 /* MenuHeaderView.swift */,
				CA47B0F82924BAE700D3D8F7 /* MenuCell.swift */,
				CA8ED6A4295203F30026478A /* MenuLargeCell.swift */,
				CA8ED6A3295203AF0026478A /* MenuCover */,
				CAD8E616293CC75900E3E634 /* WorkRecord */,
				CAD8E624293CC91500E3E634 /* WorkStatistics */,
				CAD8E621293CC8B200E3E634 /* NumberOfPaidHolidays */,
				CAD8E620293CC89D00E3E634 /* VacationUsage */,
				CAD8E625293CC96E00E3E634 /* Career */,
			);
			path = Menu;
			sourceTree = "<group>";
		};
		CAB9AD6A29267293006AB951 /* Setting */ = {
			isa = PBXGroup;
			children = (
				CA47B0FA2924BB0600D3D8F7 /* SettingViewController.swift */,
				CAB9AD6B29267647006AB951 /* SettingCell.swift */,
				CA9211B02968037000E0F288 /* SettingSubCell.swift */,
				CAB9AD6D2926765F006AB951 /* SettingHeaderView.swift */,
				CAF5E49829650E0A00038290 /* YSBlueSwitch.swift */,
				CA95E144296ADE6000F95FF9 /* SettingWorkType */,
				CA95E149296ADFA100F95FF9 /* SettingCompanyLocation */,
				CA95E14A296ADFCE00F95FF9 /* SettingHolidaysViewController.swift */,
			);
			path = Setting;
			sourceTree = "<group>";
		};
		CAB9AD6F29267897006AB951 /* Models */ = {
			isa = PBXGroup;
			children = (
				CA12806B27D1A64800CAFCE8 /* WorkScheduleModel.swift */,
				CA4589EF2933B396003CA0EB /* WorkRecordModel.swift */,
				CAB7CF412750CBFD005C9232 /* CompanyLocationModel.swift */,
				CAFEF7CE2839117200DE5BA9 /* ReamDB.swift */,
				CA4EC68F2936463A0079CFBE /* WorkScheduleRecordModel.swift */,
			);
			path = Models;
			sourceTree = "<group>";
		};
		CAB9AD70292678BC006AB951 /* Supportings */ = {
			isa = PBXGroup;
			children = (
				CAB7CF282750B0FA005C9232 /* LocationManager.swift */,
				CA6D12FA2910215300835CB6 /* CustomizedTabBarController.swift */,
				CA5327082907BAB0003D66A9 /* CustomizedNavigationController.swift */,
				CAB7CF2A2750B146005C9232 /* SupportingMethods.swift */,
				CAB7CF2C2750B280005C9232 /* ReferenceValues.swift */,
			);
			path = Supportings;
			sourceTree = "<group>";
		};
		CAD8E616293CC75900E3E634 /* WorkRecord */ = {
			isa = PBXGroup;
			children = (
				CA612DEB292D13BD00547AC2 /* WorkRecordViewController.swift */,
				CA4589EB29338A46003CA0EB /* WorkRecordCell.swift */,
				CA4589ED29338A67003CA0EB /* WorkRecordHeaderView.swift */,
				CAD8E617293CC77300E3E634 /* DayWorkRecord */,
			);
			path = WorkRecord;
			sourceTree = "<group>";
		};
		CAD8E617293CC77300E3E634 /* DayWorkRecord */ = {
			isa = PBXGroup;
			children = (
				CA4EC691293646E50079CFBE /* DayWorkRecordViewController.swift */,
				CA4EC6932936470D0079CFBE /* RecordScheduleCell.swift */,
				CA4EC695293647290079CFBE /* RecordSchedulingCell.swift */,
			);
			path = DayWorkRecord;
			sourceTree = "<group>";
		};
		CAD8E620293CC89D00E3E634 /* VacationUsage */ = {
			isa = PBXGroup;
			children = (
				CAD8E61A293CC84800E3E634 /* VacationUsageViewController.swift */,
				CAD8E61C293CC87700E3E634 /* CalendarHeaderOfVacationUsageView.swift */,
				CAD8E61E293CC89500E3E634 /* CalendarDayOfVacationUsageCell.swift */,
			);
			path = VacationUsage;
			sourceTree = "<group>";
		};
		CAD8E621293CC8B200E3E634 /* NumberOfPaidHolidays */ = {
			isa = PBXGroup;
			children = (
				CAD8E618293CC80C00E3E634 /* NumberOfPaidHolidaysViewController.swift */,
			);
			path = NumberOfPaidHolidays;
			sourceTree = "<group>";
		};
		CAD8E624293CC91500E3E634 /* WorkStatistics */ = {
			isa = PBXGroup;
			children = (
				CAD8E622293CC90E00E3E634 /* WorkStatisticsViewController.swift */,
			);
			path = WorkStatistics;
			sourceTree = "<group>";
		};
		CAD8E625293CC96E00E3E634 /* Career */ = {
			isa = PBXGroup;
			children = (
				CA4589E729334983003CA0EB /* CareerViewController.swift */,
				CA4589E929334AE0003CA0EB /* CareerCell.swift */,
				CA19EE8029477495004FB964 /* CareerHeaderView.swift */,
			);
			path = Career;
			sourceTree = "<group>";
		};
/* End PBXGroup section */

/* Begin PBXNativeTarget section */
		CA22675D274402D50035663D /* TimeToGoHome */ = {
			isa = PBXNativeTarget;
			buildConfigurationList = CA226772274402D60035663D /* Build configuration list for PBXNativeTarget "TimeToGoHome" */;
			buildPhases = (
				CA22675A274402D50035663D /* Sources */,
				CA22675B274402D50035663D /* Frameworks */,
				CA22675C274402D50035663D /* Resources */,
			);
			buildRules = (
			);
			dependencies = (
			);
			name = TimeToGoHome;
			packageProductDependencies = (
				CAA65B1227E50899000ECC40 /* Alamofire */,
				CAC2625428367F0C0074A599 /* Realm */,
				CAC2625628367F0C0074A599 /* RealmSwift */,
			);
			productName = TimeToGoHome;
			productReference = CA22675E274402D50035663D /* TimeToGoHome.app */;
			productType = "com.apple.product-type.application";
		};
/* End PBXNativeTarget section */

/* Begin PBXProject section */
		CA226756274402D50035663D /* Project object */ = {
			isa = PBXProject;
			attributes = {
				BuildIndependentTargetsInParallel = 1;
				LastSwiftUpdateCheck = 1310;
				LastUpgradeCheck = 1310;
				TargetAttributes = {
					CA22675D274402D50035663D = {
						CreatedOnToolsVersion = 13.1;
					};
				};
			};
			buildConfigurationList = CA226759274402D50035663D /* Build configuration list for PBXProject "TimeToGoHome" */;
			compatibilityVersion = "Xcode 13.0";
			developmentRegion = en;
			hasScannedForEncodings = 0;
			knownRegions = (
				en,
				Base,
			);
			mainGroup = CA226755274402D50035663D;
			packageReferences = (
				CAA65B1127E50899000ECC40 /* XCRemoteSwiftPackageReference "Alamofire" */,
				CAC2625328367F0C0074A599 /* XCRemoteSwiftPackageReference "realm-swift" */,
			);
			productRefGroup = CA22675F274402D50035663D /* Products */;
			projectDirPath = "";
			projectRoot = "";
			targets = (
				CA22675D274402D50035663D /* TimeToGoHome */,
			);
		};
/* End PBXProject section */

/* Begin PBXResourcesBuildPhase section */
		CA22675C274402D50035663D /* Resources */ = {
			isa = PBXResourcesBuildPhase;
			buildActionMask = 2147483647;
			files = (
				CA22676E274402D60035663D /* LaunchScreen.storyboard in Resources */,
				CA22676B274402D60035663D /* Assets.xcassets in Resources */,
				CA226769274402D50035663D /* Main.storyboard in Resources */,
			);
			runOnlyForDeploymentPostprocessing = 0;
		};
/* End PBXResourcesBuildPhase section */

/* Begin PBXSourcesBuildPhase section */
		CA22675A274402D50035663D /* Sources */ = {
			isa = PBXSourcesBuildPhase;
			buildActionMask = 2147483647;
			files = (
				CAB7CF372750C50F005C9232 /* CompanyAddressCell.swift in Sources */,
				CAD8E619293CC80C00E3E634 /* NumberOfPaidHolidaysViewController.swift in Sources */,
				CAB7CF332750B5C7005C9232 /* MainViewController.swift in Sources */,
				CA95E148296ADF9D00F95FF9 /* SettingCompanyAddressCell.swift in Sources */,
				CA14AE42293798E4001497DF /* CalendarDayOfScheduleRecordCell.swift in Sources */,
				CAB7CF292750B0FA005C9232 /* LocationManager.swift in Sources */,
				CAB7CF482750CDCE005C9232 /* DayButtonView.swift in Sources */,
				CA4589E829334983003CA0EB /* CareerViewController.swift in Sources */,
				CA6D12FB2910215300835CB6 /* CustomizedTabBarController.swift in Sources */,
				CAD8E623293CC90E00E3E634 /* WorkStatisticsViewController.swift in Sources */,
				CA47B0FB2924BB0600D3D8F7 /* SettingViewController.swift in Sources */,
				CAFD580227DB2D0E0027811C /* SchedulingCell.swift in Sources */,
				CA4EC6902936463A0079CFBE /* WorkScheduleRecordModel.swift in Sources */,
				CAA3B24B2801755D00FFF892 /* CalendarDayCell.swift in Sources */,
				CA4589EE29338A67003CA0EB /* WorkRecordHeaderView.swift in Sources */,
				CA4EC6942936470D0079CFBE /* RecordScheduleCell.swift in Sources */,
				CA47B0F72924BA9A00D3D8F7 /* MenuViewController.swift in Sources */,
				CAA3B24F28018ED600FFF892 /* VacationButtonView.swift in Sources */,
				CA14AE442937A321001497DF /* CalendarHeaderOfScheduleRecordView.swift in Sources */,
				CAECA69127ED982C005D7859 /* ScheduleButtonView.swift in Sources */,
				CAB7CF2F2750B2FE005C9232 /* TemplateViewController.swift in Sources */,
				CA47B0FD2924C0F400D3D8F7 /* MenuHeaderView.swift in Sources */,
				CA95E146296ADF4700F95FF9 /* SettingCompanyMapViewController.swift in Sources */,
				CAB7CF2B2750B146005C9232 /* SupportingMethods.swift in Sources */,
				CA8ED6A5295203F30026478A /* MenuLargeCell.swift in Sources */,
				CAD8E61B293CC84800E3E634 /* VacationUsageViewController.swift in Sources */,
				CA4589F02933B396003CA0EB /* WorkRecordModel.swift in Sources */,
				CAD8E61D293CC87700E3E634 /* CalendarHeaderOfVacationUsageView.swift in Sources */,
				CAA3B24D2801758200FFF892 /* CalendarHeaderView.swift in Sources */,
				CA47B0F92924BAE700D3D8F7 /* MenuCell.swift in Sources */,
				CAB7CF312750B5B9005C9232 /* InitialViewController.swift in Sources */,
				CA9211B12968037000E0F288 /* SettingSubCell.swift in Sources */,
				CAB7CF3D2750C7F3005C9232 /* CompanyLocationAlertViewController.swift in Sources */,
				CA1592B127DF90E20021501D /* MainCoverViewController.swift in Sources */,
				CAB6C93D27FA9C4800B67F1A /* DayOffViewController.swift in Sources */,
				CA19EE8129477495004FB964 /* CareerHeaderView.swift in Sources */,
				CAFD580027DACDFD0027811C /* ScheduleTypeCell.swift in Sources */,
				CAB7CF442750CD01005C9232 /* CompanyDetailedAddressViewController.swift in Sources */,
				CAB7CF352750C084005C9232 /* CompanyLocationViewController.swift in Sources */,
				CA7696FB296A6DD500F36A1D /* SettingStaggeredWorkViewController.swift in Sources */,
				CAB9AD6E2926765F006AB951 /* SettingHeaderView.swift in Sources */,
				CAF5E49929650E0A00038290 /* YSBlueSwitch.swift in Sources */,
				CAB6C93B27FA9AAC00B67F1A /* NormalWorkTypeViewController.swift in Sources */,
				CA4EC696293647290079CFBE /* RecordSchedulingCell.swift in Sources */,
				CAB7CF392750C5C9005C9232 /* CompanyMapViewController.swift in Sources */,
				CA4589EC29338A46003CA0EB /* WorkRecordCell.swift in Sources */,
				CA612DEC292D13BD00547AC2 /* WorkRecordViewController.swift in Sources */,
				CAD8E61F293CC89500E3E634 /* CalendarDayOfVacationUsageCell.swift in Sources */,
				CAB9AD6C29267647006AB951 /* SettingCell.swift in Sources */,
				CA4EC692293646E50079CFBE /* DayWorkRecordViewController.swift in Sources */,
				CA4589EA29334AE0003CA0EB /* CareerCell.swift in Sources */,
				CAB7CF422750CBFD005C9232 /* CompanyLocationModel.swift in Sources */,
				CA226762274402D50035663D /* AppDelegate.swift in Sources */,
				CAB6C93927FA9A9E00B67F1A /* StaggeredWorkTypeViewController.swift in Sources */,
				CA5327092907BAB0003D66A9 /* CustomizedNavigationController.swift in Sources */,
				CAFA9F3627B3FCB00088003A /* WhiteButtonView.swift in Sources */,
				CA12806C27D1A64800CAFCE8 /* WorkScheduleModel.swift in Sources */,
				CABD62932928F96F004F3C4F /* MenuCoverViewController.swift in Sources */,
				CAFEF7CF2839117200DE5BA9 /* ReamDB.swift in Sources */,
				CA95E14B296ADFCE00F95FF9 /* SettingHolidaysViewController.swift in Sources */,
				CA7696FF296A980A00F36A1D /* SettingNormalWorkTypeViewController.swift in Sources */,
				CA79A8E627D85550000F58E2 /* TemplateCell.swift in Sources */,
				CAB7CF2D2750B280005C9232 /* ReferenceValues.swift in Sources */,
			);
			runOnlyForDeploymentPostprocessing = 0;
		};
/* End PBXSourcesBuildPhase section */

/* Begin PBXVariantGroup section */
		CA226767274402D50035663D /* Main.storyboard */ = {
			isa = PBXVariantGroup;
			children = (
				CA226768274402D50035663D /* Base */,
			);
			name = Main.storyboard;
			sourceTree = "<group>";
		};
		CA22676C274402D60035663D /* LaunchScreen.storyboard */ = {
			isa = PBXVariantGroup;
			children = (
				CA22676D274402D60035663D /* Base */,
			);
			name = LaunchScreen.storyboard;
			sourceTree = "<group>";
		};
/* End PBXVariantGroup section */

/* Begin XCBuildConfiguration section */
		CA226770274402D60035663D /* Debug */ = {
			isa = XCBuildConfiguration;
			buildSettings = {
				ALWAYS_SEARCH_USER_PATHS = NO;
				CLANG_ANALYZER_NONNULL = YES;
				CLANG_ANALYZER_NUMBER_OBJECT_CONVERSION = YES_AGGRESSIVE;
				CLANG_CXX_LANGUAGE_STANDARD = "gnu++17";
				CLANG_CXX_LIBRARY = "libc++";
				CLANG_ENABLE_MODULES = YES;
				CLANG_ENABLE_OBJC_ARC = YES;
				CLANG_ENABLE_OBJC_WEAK = YES;
				CLANG_WARN_BLOCK_CAPTURE_AUTORELEASING = YES;
				CLANG_WARN_BOOL_CONVERSION = YES;
				CLANG_WARN_COMMA = YES;
				CLANG_WARN_CONSTANT_CONVERSION = YES;
				CLANG_WARN_DEPRECATED_OBJC_IMPLEMENTATIONS = YES;
				CLANG_WARN_DIRECT_OBJC_ISA_USAGE = YES_ERROR;
				CLANG_WARN_DOCUMENTATION_COMMENTS = YES;
				CLANG_WARN_EMPTY_BODY = YES;
				CLANG_WARN_ENUM_CONVERSION = YES;
				CLANG_WARN_INFINITE_RECURSION = YES;
				CLANG_WARN_INT_CONVERSION = YES;
				CLANG_WARN_NON_LITERAL_NULL_CONVERSION = YES;
				CLANG_WARN_OBJC_IMPLICIT_RETAIN_SELF = YES;
				CLANG_WARN_OBJC_LITERAL_CONVERSION = YES;
				CLANG_WARN_OBJC_ROOT_CLASS = YES_ERROR;
				CLANG_WARN_QUOTED_INCLUDE_IN_FRAMEWORK_HEADER = YES;
				CLANG_WARN_RANGE_LOOP_ANALYSIS = YES;
				CLANG_WARN_STRICT_PROTOTYPES = YES;
				CLANG_WARN_SUSPICIOUS_MOVE = YES;
				CLANG_WARN_UNGUARDED_AVAILABILITY = YES_AGGRESSIVE;
				CLANG_WARN_UNREACHABLE_CODE = YES;
				CLANG_WARN__DUPLICATE_METHOD_MATCH = YES;
				COPY_PHASE_STRIP = NO;
				DEBUG_INFORMATION_FORMAT = dwarf;
				ENABLE_STRICT_OBJC_MSGSEND = YES;
				ENABLE_TESTABILITY = YES;
				GCC_C_LANGUAGE_STANDARD = gnu11;
				GCC_DYNAMIC_NO_PIC = NO;
				GCC_NO_COMMON_BLOCKS = YES;
				GCC_OPTIMIZATION_LEVEL = 0;
				GCC_PREPROCESSOR_DEFINITIONS = (
					"DEBUG=1",
					"$(inherited)",
				);
				GCC_WARN_64_TO_32_BIT_CONVERSION = YES;
				GCC_WARN_ABOUT_RETURN_TYPE = YES_ERROR;
				GCC_WARN_UNDECLARED_SELECTOR = YES;
				GCC_WARN_UNINITIALIZED_AUTOS = YES_AGGRESSIVE;
				GCC_WARN_UNUSED_FUNCTION = YES;
				GCC_WARN_UNUSED_VARIABLE = YES;
				IPHONEOS_DEPLOYMENT_TARGET = 14.0;
				MTL_ENABLE_DEBUG_INFO = INCLUDE_SOURCE;
				MTL_FAST_MATH = YES;
				ONLY_ACTIVE_ARCH = YES;
				SDKROOT = iphoneos;
				SWIFT_ACTIVE_COMPILATION_CONDITIONS = DEBUG;
				SWIFT_OPTIMIZATION_LEVEL = "-Onone";
			};
			name = Debug;
		};
		CA226771274402D60035663D /* Release */ = {
			isa = XCBuildConfiguration;
			buildSettings = {
				ALWAYS_SEARCH_USER_PATHS = NO;
				CLANG_ANALYZER_NONNULL = YES;
				CLANG_ANALYZER_NUMBER_OBJECT_CONVERSION = YES_AGGRESSIVE;
				CLANG_CXX_LANGUAGE_STANDARD = "gnu++17";
				CLANG_CXX_LIBRARY = "libc++";
				CLANG_ENABLE_MODULES = YES;
				CLANG_ENABLE_OBJC_ARC = YES;
				CLANG_ENABLE_OBJC_WEAK = YES;
				CLANG_WARN_BLOCK_CAPTURE_AUTORELEASING = YES;
				CLANG_WARN_BOOL_CONVERSION = YES;
				CLANG_WARN_COMMA = YES;
				CLANG_WARN_CONSTANT_CONVERSION = YES;
				CLANG_WARN_DEPRECATED_OBJC_IMPLEMENTATIONS = YES;
				CLANG_WARN_DIRECT_OBJC_ISA_USAGE = YES_ERROR;
				CLANG_WARN_DOCUMENTATION_COMMENTS = YES;
				CLANG_WARN_EMPTY_BODY = YES;
				CLANG_WARN_ENUM_CONVERSION = YES;
				CLANG_WARN_INFINITE_RECURSION = YES;
				CLANG_WARN_INT_CONVERSION = YES;
				CLANG_WARN_NON_LITERAL_NULL_CONVERSION = YES;
				CLANG_WARN_OBJC_IMPLICIT_RETAIN_SELF = YES;
				CLANG_WARN_OBJC_LITERAL_CONVERSION = YES;
				CLANG_WARN_OBJC_ROOT_CLASS = YES_ERROR;
				CLANG_WARN_QUOTED_INCLUDE_IN_FRAMEWORK_HEADER = YES;
				CLANG_WARN_RANGE_LOOP_ANALYSIS = YES;
				CLANG_WARN_STRICT_PROTOTYPES = YES;
				CLANG_WARN_SUSPICIOUS_MOVE = YES;
				CLANG_WARN_UNGUARDED_AVAILABILITY = YES_AGGRESSIVE;
				CLANG_WARN_UNREACHABLE_CODE = YES;
				CLANG_WARN__DUPLICATE_METHOD_MATCH = YES;
				COPY_PHASE_STRIP = NO;
				DEBUG_INFORMATION_FORMAT = "dwarf-with-dsym";
				ENABLE_NS_ASSERTIONS = NO;
				ENABLE_STRICT_OBJC_MSGSEND = YES;
				GCC_C_LANGUAGE_STANDARD = gnu11;
				GCC_NO_COMMON_BLOCKS = YES;
				GCC_WARN_64_TO_32_BIT_CONVERSION = YES;
				GCC_WARN_ABOUT_RETURN_TYPE = YES_ERROR;
				GCC_WARN_UNDECLARED_SELECTOR = YES;
				GCC_WARN_UNINITIALIZED_AUTOS = YES_AGGRESSIVE;
				GCC_WARN_UNUSED_FUNCTION = YES;
				GCC_WARN_UNUSED_VARIABLE = YES;
				IPHONEOS_DEPLOYMENT_TARGET = 14.0;
				MTL_ENABLE_DEBUG_INFO = NO;
				MTL_FAST_MATH = YES;
				SDKROOT = iphoneos;
				SWIFT_COMPILATION_MODE = wholemodule;
				SWIFT_OPTIMIZATION_LEVEL = "-O";
				VALIDATE_PRODUCT = YES;
			};
			name = Release;
		};
		CA226773274402D60035663D /* Debug */ = {
			isa = XCBuildConfiguration;
			buildSettings = {
				ASSETCATALOG_COMPILER_APPICON_NAME = AppIcon;
				ASSETCATALOG_COMPILER_GLOBAL_ACCENT_COLOR_NAME = AccentColor;
				CODE_SIGN_STYLE = Automatic;
				CURRENT_PROJECT_VERSION = 1;
				DEVELOPMENT_TEAM = X947N5A32A;
				GENERATE_INFOPLIST_FILE = YES;
				INFOPLIST_FILE = TimeToGoHome/Info.plist;
				INFOPLIST_KEY_CFBundleDisplayName = "자, 이제 집으로";
				INFOPLIST_KEY_NSLocationAlwaysAndWhenInUseUsageDescription = "출퇴근 시간의 정확성을 높이기 위해 '항상 허용'이 필요합니다.";
				INFOPLIST_KEY_NSLocationAlwaysUsageDescription = "";
				INFOPLIST_KEY_NSLocationWhenInUseUsageDescription = "출퇴근 시간의 정확성을 높이기 위해 '항상 허용'이 필요합니다.";
				INFOPLIST_KEY_UIApplicationSupportsIndirectInputEvents = YES;
				INFOPLIST_KEY_UILaunchStoryboardName = LaunchScreen;
				INFOPLIST_KEY_UISupportedInterfaceOrientations = UIInterfaceOrientationPortrait;
				INFOPLIST_KEY_UISupportedInterfaceOrientations_iPad = "UIInterfaceOrientationPortrait UIInterfaceOrientationPortraitUpsideDown UIInterfaceOrientationLandscapeLeft UIInterfaceOrientationLandscapeRight";
				INFOPLIST_KEY_UISupportedInterfaceOrientations_iPhone = "UIInterfaceOrientationPortrait UIInterfaceOrientationLandscapeLeft UIInterfaceOrientationLandscapeRight";
				INFOPLIST_KEY_UIUserInterfaceStyle = Light;
				IPHONEOS_DEPLOYMENT_TARGET = 14.0;
				LD_RUNPATH_SEARCH_PATHS = (
					"$(inherited)",
					"@executable_path/Frameworks",
				);
				MARKETING_VERSION = 1.0;
				PRODUCT_BUNDLE_IDENTIFIER = clyksb0731.TimeToGoHome;
				PRODUCT_NAME = "$(TARGET_NAME)";
				SWIFT_EMIT_LOC_STRINGS = YES;
				SWIFT_VERSION = 5.0;
				TARGETED_DEVICE_FAMILY = 1;
			};
			name = Debug;
		};
		CA226774274402D60035663D /* Release */ = {
			isa = XCBuildConfiguration;
			buildSettings = {
				ASSETCATALOG_COMPILER_APPICON_NAME = AppIcon;
				ASSETCATALOG_COMPILER_GLOBAL_ACCENT_COLOR_NAME = AccentColor;
				CODE_SIGN_STYLE = Automatic;
				CURRENT_PROJECT_VERSION = 1;
				DEVELOPMENT_TEAM = X947N5A32A;
				GENERATE_INFOPLIST_FILE = YES;
				INFOPLIST_FILE = TimeToGoHome/Info.plist;
				INFOPLIST_KEY_CFBundleDisplayName = "자, 이제 집으로";
				INFOPLIST_KEY_NSLocationAlwaysAndWhenInUseUsageDescription = "출퇴근 시간의 정확성을 높이기 위해 '항상 허용'이 필요합니다.";
				INFOPLIST_KEY_NSLocationAlwaysUsageDescription = "";
				INFOPLIST_KEY_NSLocationWhenInUseUsageDescription = "출퇴근 시간의 정확성을 높이기 위해 '항상 허용'이 필요합니다.";
				INFOPLIST_KEY_UIApplicationSupportsIndirectInputEvents = YES;
				INFOPLIST_KEY_UILaunchStoryboardName = LaunchScreen;
				INFOPLIST_KEY_UISupportedInterfaceOrientations = UIInterfaceOrientationPortrait;
				INFOPLIST_KEY_UISupportedInterfaceOrientations_iPad = "UIInterfaceOrientationPortrait UIInterfaceOrientationPortraitUpsideDown UIInterfaceOrientationLandscapeLeft UIInterfaceOrientationLandscapeRight";
				INFOPLIST_KEY_UISupportedInterfaceOrientations_iPhone = "UIInterfaceOrientationPortrait UIInterfaceOrientationLandscapeLeft UIInterfaceOrientationLandscapeRight";
				INFOPLIST_KEY_UIUserInterfaceStyle = Light;
				IPHONEOS_DEPLOYMENT_TARGET = 14.0;
				LD_RUNPATH_SEARCH_PATHS = (
					"$(inherited)",
					"@executable_path/Frameworks",
				);
				MARKETING_VERSION = 1.0;
				PRODUCT_BUNDLE_IDENTIFIER = clyksb0731.TimeToGoHome;
				PRODUCT_NAME = "$(TARGET_NAME)";
				SWIFT_EMIT_LOC_STRINGS = YES;
				SWIFT_VERSION = 5.0;
				TARGETED_DEVICE_FAMILY = 1;
			};
			name = Release;
		};
/* End XCBuildConfiguration section */

/* Begin XCConfigurationList section */
		CA226759274402D50035663D /* Build configuration list for PBXProject "TimeToGoHome" */ = {
			isa = XCConfigurationList;
			buildConfigurations = (
				CA226770274402D60035663D /* Debug */,
				CA226771274402D60035663D /* Release */,
			);
			defaultConfigurationIsVisible = 0;
			defaultConfigurationName = Release;
		};
		CA226772274402D60035663D /* Build configuration list for PBXNativeTarget "TimeToGoHome" */ = {
			isa = XCConfigurationList;
			buildConfigurations = (
				CA226773274402D60035663D /* Debug */,
				CA226774274402D60035663D /* Release */,
			);
			defaultConfigurationIsVisible = 0;
			defaultConfigurationName = Release;
		};
/* End XCConfigurationList section */

/* Begin XCRemoteSwiftPackageReference section */
		CAA65B1127E50899000ECC40 /* XCRemoteSwiftPackageReference "Alamofire" */ = {
			isa = XCRemoteSwiftPackageReference;
			repositoryURL = "https://github.com/Alamofire/Alamofire";
			requirement = {
				kind = upToNextMinorVersion;
				minimumVersion = 5.5.0;
			};
		};
		CAC2625328367F0C0074A599 /* XCRemoteSwiftPackageReference "realm-swift" */ = {
			isa = XCRemoteSwiftPackageReference;
			repositoryURL = "https://github.com/realm/realm-swift.git";
			requirement = {
				kind = upToNextMajorVersion;
				minimumVersion = 10.25.0;
			};
		};
/* End XCRemoteSwiftPackageReference section */

/* Begin XCSwiftPackageProductDependency section */
		CAA65B1227E50899000ECC40 /* Alamofire */ = {
			isa = XCSwiftPackageProductDependency;
			package = CAA65B1127E50899000ECC40 /* XCRemoteSwiftPackageReference "Alamofire" */;
			productName = Alamofire;
		};
		CAC2625428367F0C0074A599 /* Realm */ = {
			isa = XCSwiftPackageProductDependency;
			package = CAC2625328367F0C0074A599 /* XCRemoteSwiftPackageReference "realm-swift" */;
			productName = Realm;
		};
		CAC2625628367F0C0074A599 /* RealmSwift */ = {
			isa = XCSwiftPackageProductDependency;
			package = CAC2625328367F0C0074A599 /* XCRemoteSwiftPackageReference "realm-swift" */;
			productName = RealmSwift;
		};
/* End XCSwiftPackageProductDependency section */
	};
	rootObject = CA226756274402D50035663D /* Project object */;
}
